{
  "version": 1,
  "dependencies": {
    "net10.0": {
      "TUnit": {
        "type": "Direct",
        "requested": "[1.66.16, )",
        "resolved": "1.66.16",
        "contentHash": "R07SHgDDrBoosGjmrQHRmNDvtsdbtSwmBf8Qsxan9NCg2DaV7Y2P06e+BOl71X7D+tnz1qn2L4FdfKdm1VSw6w==",
        "dependencies": {
          "Microsoft.Testing.Extensions.CodeCoverage": "18.10.0",
          "Microsoft.Testing.Extensions.Telemetry": "2.4.0",
          "Microsoft.Testing.Extensions.TrxReport": "2.3.3",
          "TUnit.Assertions": "1.66.16",
          "TUnit.Engine": "1.66.16"
        }
      },
      "DotNext": {
        "type": "Transitive",
        "resolved": "6.7.1",
        "contentHash": "MZIy6ZoQj+hp7hzPwV4kkONVA49tjFyuB2fHAaTbStgdFnqGB6xCoUB8nE569wb3Vlm54uEW9cDk4giJ+t0cGQ==",
        "dependencies": {
          "System.IO.Hashing": "10.0.11"
        }
      },
      "DotNext.IO": {
        "type": "Transitive",
        "resolved": "6.7.1",
        "contentHash": "lW+jlXi01yf/qam31I5V3FZ1iF+a60VZ1AHZ02+dGEcRlLOWlChffERWgSBraS0ugziu4ZGtauqx53D6P88k1A==",
        "dependencies": {
          "DotNext": "6.7.1"
        }
      },
      "DotNext.Net.Cluster": {
        "type": "Transitive",
        "resolved": "6.7.1",
        "contentHash": "2tLiSTOSksIsRwIez4DkP4I0jDN4Vdv79XCn6RKFJNvql/4nfKZMsscFVyYffu6f8L8ngyKlqCpcy/n1pObpdQ==",
        "dependencies": {
          "DotNext.IO": "6.7.1",
          "DotNext.Threading": "6.7.1",
          "DotNext.Unsafe": "6.7.1",
          "Microsoft.AspNetCore.Connections.Abstractions": "10.0.11",
          "Microsoft.Extensions.Logging.Abstractions": "10.0.11"
        }
      },
      "DotNext.Threading": {
        "type": "Transitive",
        "resolved": "6.7.1",
        "contentHash": "/Pf5XKW5WYg82HjARKWrS00z8vcM1+PwFvR0Mo1Wg0N4yXBH5+2XLuSjMpda20pVJGEi7zVS5Vre26mDKSOhbQ==",
        "dependencies": {
          "DotNext": "6.7.1"
        }
      },
      "DotNext.Unsafe": {
        "type": "Transitive",
        "resolved": "6.7.1",
        "contentHash": "WaRh3QUE6e4mSlVytzVYi8o1SwvhHYs/X7RIPODvxv1X1X62OhzpHqk29vxqAZhIW5Nor0sAxcOhXaPjgN63uQ==",
        "dependencies": {
          "DotNext": "6.7.1"
        }
      },
      "Hangfire.Core": {
        "type": "Transitive",
        "resolved": "1.8.25",
        "contentHash": "BxzXlHwXNrGPHJ7YfAVfeiXC+BHd6uPoyyfV+9bCJVPPGs4z0EQCW1X44Og/IUFM81ENCqAFP1r2rOkQhm4ydA==",
        "dependencies": {
          "Newtonsoft.Json": "11.0.1"
        }
      },
      "Microsoft.ApplicationInsights": {
        "type": "Transitive",
        "resolved": "2.23.0",
        "contentHash": "nWArUZTdU7iqZLycLKWe0TDms48KKGE6pONH2terYNa8REXiqixrMOkf1sk5DHGMaUTqONU2YkS4SAXBhLStgw=="
      },
      "Microsoft.AspNetCore.Connections.Abstractions": {
        "type": "Transitive",
        "resolved": "10.0.11",
        "contentHash": "DCrayFIb+t+P9EI6NAP8BmAIgi51lrdmdtMAQnZf2v2J51q5ptOMR2rzfhvSMAZZhYReAK4H+ZTprf8Q5rOnzw==",
        "dependencies": {
          "Microsoft.Extensions.Features": "10.0.11"
        }
      },
      "Microsoft.DiaSymReader": {
        "type": "Transitive",
        "resolved": "2.2.10",
        "contentHash": "zmGsm6b2y3STDa/Of7rdkkfTDV8VuGB8aCqIkLoJIQh5tL78K3zJ8OUyFKnfsaORXmGr9iOKwDkZfUjeXi+CwA=="
      },
      "Microsoft.Extensions.DependencyInjection.Abstractions": {
        "type": "Transitive",
        "resolved": "10.0.11",
        "contentHash": "/a1aJz4m7ylhEDf25ugQChLQoN5XwoGjWw/BoR/ZWWKsO1v4DdJElS1uyngahz4B/eOzjFk1KNTkarRLE5wsIg=="
      },
      "Microsoft.Extensions.DependencyModel": {
        "type": "Transitive",
        "resolved": "10.0.10",
        "contentHash": "rfZA1RjR021RPqSmIPovfz2aOd79TGqJ9BengbjnzIISOVwjLmuSDnhCMmiY/1c6iYvGolQ1iNGzkav0u11XEA=="
      },
      "Microsoft.Extensions.Features": {
        "type": "Transitive",
        "resolved": "10.0.11",
        "contentHash": "/ro7Ate9LihDcZP6ukTwUjFj3dBzz7tijNcGg4aYBa3RkjqC/cOPqxZtMrOS3RU3nhRLHX8WTKq9EKL/4V4r5A=="
      },
      "Microsoft.Extensions.Logging.Abstractions": {
        "type": "Transitive",
        "resolved": "10.0.11",
        "contentHash": "Ljd0Uxoq5XpScD2Bg0nM/r3mwx7Ao5Uq24eo2ARxbGvqJ7Zht6rt2cJtwVRH4Cv+1ZVMdXz6TB43KbpmsxRrvQ==",
        "dependencies": {
          "Microsoft.Extensions.DependencyInjection.Abstractions": "10.0.11"
        }
      },
      "Microsoft.Testing.Extensions.CodeCoverage": {
        "type": "Transitive",
        "resolved": "18.10.0",
        "contentHash": "elUX4tKloHh2VCxagbmhV1039xBuE3lKXITtt/hUYU286hl+ja8poOUsF9OnevKoFKt7+p9vLb1LqqW7rFGi9Q==",
        "dependencies": {
          "Microsoft.DiaSymReader": "2.2.10",
          "Microsoft.Extensions.DependencyModel": "10.0.10",
          "Microsoft.Testing.Platform": "2.3.3"
        }
      },
      "Microsoft.Testing.Extensions.Telemetry": {
        "type": "Transitive",
        "resolved": "2.4.0",
        "contentHash": "JeP1RFqBa11fWmBk8xEfZcMKr4rxWSyI6OZ+659V069CaMkTEOQBW2UdSSeNz3absOsygcn7JJkzerC4LGnZ9w==",
        "dependencies": {
          "Microsoft.ApplicationInsights": "2.23.0",
          "Microsoft.Testing.Platform": "[2.4.0, 3.0.0)"
        }
      },
      "Microsoft.Testing.Extensions.TrxReport": {
        "type": "Transitive",
        "resolved": "2.3.3",
        "contentHash": "vYBqGSlT94B8d6d4PRdPQ83ogn3kK4kXcnI3SlHBHZu1XsU01IDTMnWoto5v5wXN/Mz4XsVM3Do/sJdGRgH29g==",
        "dependencies": {
          "Microsoft.Testing.Extensions.TrxReport.Abstractions": "2.3.3",
          "Microsoft.Testing.Platform": "2.3.3"
        }
      },
      "Microsoft.Testing.Extensions.TrxReport.Abstractions": {
        "type": "Transitive",
        "resolved": "2.4.0",
        "contentHash": "uRb+4qM42dFDg4kWJZ2kFEcwESNVCRZJjItp5vETorN3rSJGysP617LqYirOcrCYmxg+obPreHMM5JcsNDKtBw==",
        "dependencies": {
          "Microsoft.Testing.Platform": "[2.4.0, 3.0.0)"
        }
      },
      "Microsoft.Testing.Platform": {
        "type": "Transitive",
        "resolved": "2.4.0",
        "contentHash": "dp1N3P1ujb0ztwFgqz2o/ItEvq+pm19/AiA+Xq7Zpcy7oPMcxDBZLYGtf0LlU1MveEBJuKVjZhI+LnkfcH/0jQ=="
      },
      "Microsoft.Testing.Platform.MSBuild": {
        "type": "Transitive",
        "resolved": "2.4.0",
        "contentHash": "qr5M6h16YHMJLFDcWELFVMMpGte2BUmveBZKT5YoBV+bmuJRPu9bv/Zqke4yQuOEKRNxoAETrG5jr+/6Rnr3Hg==",
        "dependencies": {
          "Microsoft.Testing.Platform": "[2.4.0, 3.0.0)"
        }
      },
      "Newtonsoft.Json": {
        "type": "Transitive",
        "resolved": "11.0.1",
        "contentHash": "pNN4l+J6LlpIvHOeNdXlwxv39NPJ2B5klz+Rd2UQZIx30Squ5oND1Yy3wEAUoKn0GPUj6Yxt9lxlYWQqfZcvKg=="
      },
      "System.IO.Hashing": {
        "type": "Transitive",
        "resolved": "10.0.11",
        "contentHash": "OzKDcIRkeNJeC8qAsbn8yJXnfTLP1dtkWILe+T56Gf/z+IkAASi7sMqLqJQat08j5z/mRN5xVtoAwbkMNMoBUQ=="
      },
      "TUnit.Assertions": {
        "type": "Transitive",
        "resolved": "1.66.16",
        "contentHash": "k2nLhUVGx56s9zvHUnQRtx9cDPIFE+NADu3NW+kS62zxnHMej8juAy7riBtRVMnUUlkO2/EouKJba1Sx2Lfq1g=="
      },
      "TUnit.Core": {
        "type": "Transitive",
        "resolved": "1.66.16",
        "contentHash": "D9B19/FgeauIjJpNSukaodwS0gAavKdN3nPAcjc/OUsOjJdxVOrLzZJrODfbXgZB1FH0TQI7dfiGpHswGeZH8w=="
      },
      "TUnit.Engine": {
        "type": "Transitive",
        "resolved": "1.66.16",
        "contentHash": "mq5n2n96sMrzgaC3aDZGjVcyOEOxlUbLeHy/GvG2PL5BPUk5oCAesll14hqOuSUmsJUCDkOJqAMmHAiBPAc4Ug==",
        "dependencies": {
          "Microsoft.Testing.Extensions.TrxReport.Abstractions": "2.4.0",
          "Microsoft.Testing.Platform": "2.4.0",
          "Microsoft.Testing.Platform.MSBuild": "2.4.0",
          "TUnit.Core": "1.66.16"
        }
      },
      "Hangfire.Community.Raft": {
        "type": "Project",
        "dependencies": {
          "DotNext.Net.Cluster": "[6.7.1, )",
          "Hangfire.Core": "[1.8.*, )"
        }
      }
    }
  }
}