{
  "version": 1,
  "dependencies": {
    "net10.0": {
      "TUnit": {
        "type": "Direct",
        "requested": "[1.57.0, )",
        "resolved": "1.57.0",
        "contentHash": "xl4/vxdm9xE9EGG6NzIj+OntT7kqeix4WQaEoS+cr8lS0nECJYV84NVRFyn1KH2NkScE/y5E259+L9aHUDmIEQ==",
        "dependencies": {
          "Microsoft.Testing.Extensions.CodeCoverage": "18.8.0",
          "Microsoft.Testing.Extensions.Telemetry": "2.2.3",
          "Microsoft.Testing.Extensions.TrxReport": "2.2.3",
          "TUnit.Assertions": "1.57.0",
          "TUnit.Engine": "1.57.0"
        }
      },
      "DotNext": {
        "type": "Transitive",
        "resolved": "6.3.0",
        "contentHash": "XQAAa+ToYna6yaj/ybmwRQC0D1AbDHiXIUxKLATc7crg+WBZDX8Hp7H/kINm5xcWv6fbDKINoydkuLS1laHVGw==",
        "dependencies": {
          "System.IO.Hashing": "10.0.7"
        }
      },
      "DotNext.IO": {
        "type": "Transitive",
        "resolved": "6.3.0",
        "contentHash": "1NFl9W0yUpjm7BV0Khj4ocwEfmec3q0eMz7AQeqzEp9LbBuhyIyut/qH0xAGHf3ipDf7m23IcKeBMj7cGUfRSg==",
        "dependencies": {
          "DotNext": "6.3.0"
        }
      },
      "DotNext.Net.Cluster": {
        "type": "Transitive",
        "resolved": "6.3.0",
        "contentHash": "Wu4iO9LJSRcuMb4iAEhhkmgBASZ3jU01alcSS0CyMYIUmnZAHfayVctudC9qrbeQG+mrv98Pro9/LknmF5//oA==",
        "dependencies": {
          "DotNext.IO": "6.3.0",
          "DotNext.Threading": "6.3.0",
          "DotNext.Unsafe": "6.3.0",
          "Microsoft.AspNetCore.Connections.Abstractions": "10.0.7",
          "Microsoft.Extensions.Logging.Abstractions": "10.0.7"
        }
      },
      "DotNext.Threading": {
        "type": "Transitive",
        "resolved": "6.3.0",
        "contentHash": "NAmWrLzGfH2iuUGkHN28qRI4h4jjgDM6iE0WynkFCMW/TrwPuB6yGbJdmJ0I6hAqh8Ps1nt2LaopK3aR0/KP+A==",
        "dependencies": {
          "DotNext": "6.3.0"
        }
      },
      "DotNext.Unsafe": {
        "type": "Transitive",
        "resolved": "6.3.0",
        "contentHash": "82gLMPlS0aarwpfSfgV0zYvi/WP/Vi4JvEIel25By3u30KwCAGamxDGfUNxkpfUv0oVdQCl0GAogHYzW9KPZmA==",
        "dependencies": {
          "DotNext": "6.3.0"
        }
      },
      "EnumerableAsyncProcessor": {
        "type": "Transitive",
        "resolved": "3.8.4",
        "contentHash": "KlbpupRCz3Kf+P7gsiDvFXJ980i/9lfihMZFmmxIk0Gf6mopEjy74OTJZmdaKDQpE29eQDBnMZB5khyW3eugrg=="
      },
      "Hangfire.Core": {
        "type": "Transitive",
        "resolved": "1.8.23",
        "contentHash": "YCOTtF3NNOQI83PlfjeNDDBkofJDfdET2CwhfQsiVBwmsU6lP19QW9NVTIH9epl+MnOsyFC2G1RnlPSGV8F1FQ==",
        "dependencies": {
          "Newtonsoft.Json": "11.0.1"
        }
      },
      "Microsoft.ApplicationInsights": {
        "type": "Transitive",
        "resolved": "2.23.0",
        "contentHash": "nWArUZTdU7iqZLycLKWe0TDms48KKGE6pONH2terYNa8REXiqixrMOkf1sk5DHGMaUTqONU2YkS4SAXBhLStgw=="
      },
      "Microsoft.AspNetCore.Connections.Abstractions": {
        "type": "Transitive",
        "resolved": "10.0.7",
        "contentHash": "O8OsajBAeZthyKWw3zrS0G49weEI6/w0VQLxxWk0zuzhYbphODrcyjp6sds3HONheStEZj8/bCKPaT5rpIYT0Q==",
        "dependencies": {
          "Microsoft.Extensions.Features": "10.0.7"
        }
      },
      "Microsoft.DiaSymReader": {
        "type": "Transitive",
        "resolved": "2.2.3",
        "contentHash": "bhwzJfzyiJM0nXJyNB7Y9OfsEXyxLdDBHG99soIp5JjnPydwkOaBdRCtRtWgQh3noSLi2cSIZ/wpbHNNE9knxQ=="
      },
      "Microsoft.Extensions.DependencyInjection.Abstractions": {
        "type": "Transitive",
        "resolved": "10.0.7",
        "contentHash": "Z6mfFEaFcwCfSboxJwOLfu7/31npCY9q70WUamHW/vRQhDvBKOT4Vf9YkZj5J6hLvJpb0oDEYfHunQZj0xxvKw=="
      },
      "Microsoft.Extensions.DependencyModel": {
        "type": "Transitive",
        "resolved": "8.0.2",
        "contentHash": "mUBDZZRgZrSyFOsJ2qJJ9fXfqd/kXJwf3AiDoqLD9m6TjY5OO/vLNOb9fb4juC0487eq4hcGN/M2Rh/CKS7QYw=="
      },
      "Microsoft.Extensions.Features": {
        "type": "Transitive",
        "resolved": "10.0.7",
        "contentHash": "SdPQY5HKYuhymSbwerc3joc4fyLkDwHdtVnYu9NGoXbo4ZoXsc4yFzI4qpuw7pyUcCugU6jKA3jldMyDHcUTNg=="
      },
      "Microsoft.Extensions.Logging.Abstractions": {
        "type": "Transitive",
        "resolved": "10.0.7",
        "contentHash": "tIEcQ2gvERrH2KiCjdsVcHGhXt9lIsuDStfOIeZWr7/fP8IXhGiYfx0/80PNI7WPO2IYuFtlZLSlnTS8+/Mchw==",
        "dependencies": {
          "Microsoft.Extensions.DependencyInjection.Abstractions": "10.0.7"
        }
      },
      "Microsoft.Testing.Extensions.CodeCoverage": {
        "type": "Transitive",
        "resolved": "18.8.0",
        "contentHash": "euA4tpkGAkfHznVQrPzXFLNaUhcRCIKPkDmJJB+A2XU9d5ymHLhQ2Do0fGc/Z2y+VFUaNnM6vHhIrb4FW+qhtg==",
        "dependencies": {
          "Microsoft.DiaSymReader": "2.2.3",
          "Microsoft.Extensions.DependencyModel": "8.0.2",
          "Microsoft.Testing.Platform": "2.2.3"
        }
      },
      "Microsoft.Testing.Extensions.Telemetry": {
        "type": "Transitive",
        "resolved": "2.2.3",
        "contentHash": "mLdW+JOR3kXYGTdgR/qc/UZBA0r+eCR2k6bUxTcuDj5w9WdIQ7Lol5MBUU7YOSGd9bs9bvhSYWAptgz0YtQqCA==",
        "dependencies": {
          "Microsoft.ApplicationInsights": "2.23.0",
          "Microsoft.Testing.Platform": "2.2.3"
        }
      },
      "Microsoft.Testing.Extensions.TrxReport": {
        "type": "Transitive",
        "resolved": "2.2.3",
        "contentHash": "9Hot3ty5ZVWHrW40k2NPfD0dCaPwIxj7j7VjujNYwpYkYw9AdbejPHjGNkL/gvUWorauJf5IkeDoUeIbS7LuUg==",
        "dependencies": {
          "Microsoft.Testing.Extensions.TrxReport.Abstractions": "2.2.3",
          "Microsoft.Testing.Platform": "2.2.3"
        }
      },
      "Microsoft.Testing.Extensions.TrxReport.Abstractions": {
        "type": "Transitive",
        "resolved": "2.2.3",
        "contentHash": "hntvxJEkmUAx6C2xXc/PO38DqEQl4rimzOgSvTR1hAMruMid7R4RcXOrzzF33J66gKaN7jRaQ0TMW/nNfaV9jw==",
        "dependencies": {
          "Microsoft.Testing.Platform": "2.2.3"
        }
      },
      "Microsoft.Testing.Platform": {
        "type": "Transitive",
        "resolved": "2.2.3",
        "contentHash": "LhM1/Qoi8Ams5QcD4r3f09CSOono9iQr3NEJQItFtyzWB55nWTgEOsVqXqMWWWIwk3nkPqc+XfnlJmp8xUI5fg=="
      },
      "Microsoft.Testing.Platform.MSBuild": {
        "type": "Transitive",
        "resolved": "2.2.3",
        "contentHash": "Q22jJYJLx4srTinsAuoCskqmzjrBJC8YeGJMHHIcrf1dQeHoEZ7wsqDzTlENkMoke2qfufF7U+9u58nlZunH/Q==",
        "dependencies": {
          "Microsoft.Testing.Platform": "2.2.3"
        }
      },
      "Newtonsoft.Json": {
        "type": "Transitive",
        "resolved": "11.0.1",
        "contentHash": "pNN4l+J6LlpIvHOeNdXlwxv39NPJ2B5klz+Rd2UQZIx30Squ5oND1Yy3wEAUoKn0GPUj6Yxt9lxlYWQqfZcvKg=="
      },
      "System.IO.Hashing": {
        "type": "Transitive",
        "resolved": "10.0.7",
        "contentHash": "6hsjdSr4VOXSOnhALkYplHpAxnTG1J33YN42IB6nH2fEg4QnJqrZ4Ft+qn7mkrKAOYC8pCSFYwVWw6rQbmwgLQ=="
      },
      "TUnit.Assertions": {
        "type": "Transitive",
        "resolved": "1.57.0",
        "contentHash": "O58nfEE0sQzw8Mp4YslR5uk2JBMwXo3us3ysAYz3tZ9uhjrnvQuwP51dggwdw1Xc9E8BG7kzC7t68bRbBAUZ1g=="
      },
      "TUnit.Core": {
        "type": "Transitive",
        "resolved": "1.57.0",
        "contentHash": "hzdYyuUQH5LzXERiV02O7TrQzB+eMmjgM4GCgCbBpimqYkJtw/Yu7EqVEmdIi3Q1o2/FSUH6oxz0OsJT/HKaZg=="
      },
      "TUnit.Engine": {
        "type": "Transitive",
        "resolved": "1.57.0",
        "contentHash": "nEJc+vAhF1CkhnzRGRn2uQSlzxAxy/mG7H3KI9yjRsGxodeO3jzqyvKYoy2HYAODhox/42koSZIa8q90LeY3wg==",
        "dependencies": {
          "EnumerableAsyncProcessor": "3.8.4",
          "Microsoft.Testing.Extensions.TrxReport.Abstractions": "2.2.3",
          "Microsoft.Testing.Platform": "2.2.3",
          "Microsoft.Testing.Platform.MSBuild": "2.2.3",
          "TUnit.Core": "1.57.0"
        }
      },
      "Hangfire.Community.Raft": {
        "type": "Project",
        "dependencies": {
          "DotNext.Net.Cluster": "[6.3.0, )",
          "Hangfire.Core": "[1.8.*, )"
        }
      }
    }
  }
}