{
  "version": 1,
  "dependencies": {
    "net10.0": {
      "TUnit": {
        "type": "Direct",
        "requested": "[1.70.1, )",
        "resolved": "1.70.1",
        "contentHash": "QRYzgfvYy2H0N6nyYSS72iRMtS8Uvq6Dli8g/86LBEwrzBCmG2phNmhq+DWxE7kTxJxUgKBCfVWysh57KpW06w==",
        "dependencies": {
          "Microsoft.Testing.Extensions.CodeCoverage": "18.11.2",
          "Microsoft.Testing.Extensions.Telemetry": "2.4.1",
          "Microsoft.Testing.Extensions.TrxReport": "2.4.1",
          "TUnit.Assertions": "1.70.1",
          "TUnit.Engine": "1.70.1"
        }
      },
      "DotNext": {
        "type": "Transitive",
        "resolved": "6.8.0",
        "contentHash": "qdpWFIzRN53bEc3HoyG9wPGqtLuig4g3oGJM12W/PMe0qrZxSYvAGrxNFMos3/5uYoTApKV/Z2/aFZhWSMDfYw==",
        "dependencies": {
          "System.IO.Hashing": "10.0.12"
        }
      },
      "DotNext.IO": {
        "type": "Transitive",
        "resolved": "6.8.0",
        "contentHash": "lyVBoWDqIx6g5ILIcYAd89dk37FnBvqUAxfF5xxOhxo8UF/XQaV4vWVjds4Yu/Gk1/gBxoEPzoHbwsUZrYYeKw==",
        "dependencies": {
          "DotNext": "6.8.0"
        }
      },
      "DotNext.Net.Cluster": {
        "type": "Transitive",
        "resolved": "6.8.1",
        "contentHash": "pYjnNi8WlUBoFgtw8UHRdo6XZU3pv/ucNuToFP+DQZ3rX9BQ2ml4bmQB9G2ce5IhVLyHf54nX/etLcqmcA3eBA==",
        "dependencies": {
          "DotNext.IO": "6.8.0",
          "DotNext.Threading": "6.8.0",
          "DotNext.Unsafe": "6.8.0",
          "Microsoft.AspNetCore.Connections.Abstractions": "10.0.12",
          "Microsoft.Extensions.Logging.Abstractions": "10.0.12"
        }
      },
      "DotNext.Threading": {
        "type": "Transitive",
        "resolved": "6.8.0",
        "contentHash": "AfE5nhtwtyyf861nc8b9OqpZiWSG/bGqPVWtrvi4/IRBkuAqOF/FEn3Ej3ZIowkAW/LqyeqxghCyvO4uD4pXTQ==",
        "dependencies": {
          "DotNext": "6.8.0"
        }
      },
      "DotNext.Unsafe": {
        "type": "Transitive",
        "resolved": "6.8.0",
        "contentHash": "kUKTG7fZylCYGNJCiyU+ipp30d66mS1QmUNHwEGgdnw30BPnkLlz+9MXxFdg3XkvB2eoyJF+GXzWIHQznaSVsA==",
        "dependencies": {
          "DotNext": "6.8.0"
        }
      },
      "Hangfire.Core": {
        "type": "Transitive",
        "resolved": "1.8.25",
        "contentHash": "BxzXlHwXNrGPHJ7YfAVfeiXC+BHd6uPoyyfV+9bCJVPPGs4z0EQCW1X44Og/IUFM81ENCqAFP1r2rOkQhm4ydA==",
        "dependencies": {
          "Newtonsoft.Json": "11.0.1"
        }
      },
      "Microsoft.ApplicationInsights": {
        "type": "Transitive",
        "resolved": "2.23.0",
        "contentHash": "nWArUZTdU7iqZLycLKWe0TDms48KKGE6pONH2terYNa8REXiqixrMOkf1sk5DHGMaUTqONU2YkS4SAXBhLStgw=="
      },
      "Microsoft.AspNetCore.Connections.Abstractions": {
        "type": "Transitive",
        "resolved": "10.0.12",
        "contentHash": "pP5CXSG//gboXUGrgRrrfWxEWJQ1DJLbTo5BulmPp+GaiWf/KbjCCujWlkh7rPTBSWAP+5s4KXti3JAF5akdxA==",
        "dependencies": {
          "Microsoft.Extensions.Features": "10.0.12"
        }
      },
      "Microsoft.DiaSymReader": {
        "type": "Transitive",
        "resolved": "2.2.10",
        "contentHash": "zmGsm6b2y3STDa/Of7rdkkfTDV8VuGB8aCqIkLoJIQh5tL78K3zJ8OUyFKnfsaORXmGr9iOKwDkZfUjeXi+CwA=="
      },
      "Microsoft.Extensions.DependencyInjection.Abstractions": {
        "type": "Transitive",
        "resolved": "10.0.12",
        "contentHash": "9/qymSh7hVDMGTGwrLz8MRp5zRyXy9adGDOs4HwRdnLil3oZGYuWeZjbmHgCQ9BL1qBroVfgUK3U/nb61617Cw=="
      },
      "Microsoft.Extensions.DependencyModel": {
        "type": "Transitive",
        "resolved": "10.0.10",
        "contentHash": "rfZA1RjR021RPqSmIPovfz2aOd79TGqJ9BengbjnzIISOVwjLmuSDnhCMmiY/1c6iYvGolQ1iNGzkav0u11XEA=="
      },
      "Microsoft.Extensions.Features": {
        "type": "Transitive",
        "resolved": "10.0.12",
        "contentHash": "GaHsj8gISJ4BtRI4iK4meCil+LAYmv3NWuPKg6d29sw9cNsEN+1N8UMQXA/JhUXdrGTy16+B+YtjY3bco/8jMA=="
      },
      "Microsoft.Extensions.Logging.Abstractions": {
        "type": "Transitive",
        "resolved": "10.0.12",
        "contentHash": "+24lC4plfbEDNfLAdTV/SWKS7dW+16X4HdydO3R++134kSNTzcbYA4KpR1Hdh6uWisB8Za3AzwyOn+K+NxWIug==",
        "dependencies": {
          "Microsoft.Extensions.DependencyInjection.Abstractions": "10.0.12"
        }
      },
      "Microsoft.Testing.Extensions.CodeCoverage": {
        "type": "Transitive",
        "resolved": "18.11.2",
        "contentHash": "bT6awBEUR+fjPpeLAN++4qx5q0sgA9SeJt6QfijnFFPxNSr68BYsYFMQH8L8kY6vMJd3fuvFAFBht4JtWQcWtQ==",
        "dependencies": {
          "Microsoft.DiaSymReader": "2.2.10",
          "Microsoft.Extensions.DependencyModel": "10.0.10",
          "Microsoft.Testing.Platform": "2.4.0"
        }
      },
      "Microsoft.Testing.Extensions.Telemetry": {
        "type": "Transitive",
        "resolved": "2.4.1",
        "contentHash": "C+bq5ydHrBNCDXjvFtRa1/JcAS2Wq2dpXOnzy/TFYC8qb1dDEgB1XhQayBaYE/5BKviikByHb7mth8P+qJaOJw==",
        "dependencies": {
          "Microsoft.ApplicationInsights": "2.23.0",
          "Microsoft.Testing.Platform": "[2.4.1, 3.0.0)"
        }
      },
      "Microsoft.Testing.Extensions.TrxReport": {
        "type": "Transitive",
        "resolved": "2.4.1",
        "contentHash": "KGAvJKRqhod45ecH4L1cCKIjGrzziUcLo3L4hRlfOg/Ww2Q7MnA30qHY2rnKzGyLVWf91tc2VleGe8c33FmPaQ==",
        "dependencies": {
          "Microsoft.Testing.Extensions.TrxReport.Abstractions": "2.4.1",
          "Microsoft.Testing.Platform": "[2.4.1, 3.0.0)"
        }
      },
      "Microsoft.Testing.Extensions.TrxReport.Abstractions": {
        "type": "Transitive",
        "resolved": "2.4.1",
        "contentHash": "tDxLLic2IfeChbyo8oeGZj/eBdFpPe3Dp80hUoIOefSCqqMHbsob+lX1TfFWV75PJCPouxj2zz0zzPHZxiM4nQ==",
        "dependencies": {
          "Microsoft.Testing.Platform": "[2.4.1, 3.0.0)"
        }
      },
      "Microsoft.Testing.Platform": {
        "type": "Transitive",
        "resolved": "2.4.1",
        "contentHash": "3nW9NyhN1BnHRF994DCOOUQCqVA9pDT+gPpbuhI/xUntZnGnXO4ySovKxFlFuoT/48pnI74LK/DeKVlve1L3VQ=="
      },
      "Microsoft.Testing.Platform.MSBuild": {
        "type": "Transitive",
        "resolved": "2.4.1",
        "contentHash": "K4W2hAATe9wA1xt4oEZWmUsnQqnLD5H18NXKsm81xclf9PI4AHieb3DxJpE/2uA6Xl9DtjpLXif7/9Sn8Y2y7w==",
        "dependencies": {
          "Microsoft.Testing.Platform": "[2.4.1, 3.0.0)"
        }
      },
      "Newtonsoft.Json": {
        "type": "Transitive",
        "resolved": "11.0.1",
        "contentHash": "pNN4l+J6LlpIvHOeNdXlwxv39NPJ2B5klz+Rd2UQZIx30Squ5oND1Yy3wEAUoKn0GPUj6Yxt9lxlYWQqfZcvKg=="
      },
      "System.IO.Hashing": {
        "type": "Transitive",
        "resolved": "10.0.12",
        "contentHash": "jDix4bBMYnpZdSPcnY+KDV6ik3SRMzpMKby/bZl/XUwIiflwRNAFZ0oOl61R/pSaveIJ8t1gs2BUlrGsPs/bcg=="
      },
      "TUnit.Assertions": {
        "type": "Transitive",
        "resolved": "1.70.1",
        "contentHash": "k9Tu6xbocRVdzM60gJDIg+1XmSTEQK8u2ZATW6iJac38PKD5GmeD0KHyFCA119j1qFHweBGm7zwSpejPvgx7Aw=="
      },
      "TUnit.Core": {
        "type": "Transitive",
        "resolved": "1.70.1",
        "contentHash": "TQyGeDImMqao+J1VtbVVQB4EbW7HrsIB4Tje7dfVz/AgDiHsQ5SYYLhgGmG7XD4wMDtepZJsifRScdF9z3f/Wg=="
      },
      "TUnit.Engine": {
        "type": "Transitive",
        "resolved": "1.70.1",
        "contentHash": "Xuhe6G7i+pOrk4p81thXMcUd6G6bgUUsYNr6C5VsOWOEHgbd50S1/yphZw5t+qQAkpMr33iSwF/ePpoe7vac7A==",
        "dependencies": {
          "Microsoft.Testing.Extensions.TrxReport.Abstractions": "2.4.1",
          "Microsoft.Testing.Platform": "2.4.1",
          "Microsoft.Testing.Platform.MSBuild": "2.4.1",
          "TUnit.Core": "1.70.1"
        }
      },
      "Hangfire.Community.Raft": {
        "type": "Project",
        "dependencies": {
          "DotNext.Net.Cluster": "[6.8.1, )",
          "Hangfire.Core": "[1.8.*, )"
        }
      }
    }
  }
}