{
  "version": 1,
  "dependencies": {
    "net10.0": {
      "Hangfire.AspNetCore": {
        "type": "Direct",
        "requested": "[1.8.*, )",
        "resolved": "1.8.24",
        "contentHash": "K7eugZIFcBgGI+lI6Z3H9a7Ax6ZkauWjOUJxE5xawu5UQmH+WS7gXBlar1zGUqLTWqWxNAMj+K95OE0zvAtHNg==",
        "dependencies": {
          "Hangfire.NetCore": "[1.8.24]"
        }
      },
      "DotNext": {
        "type": "Transitive",
        "resolved": "6.6.2",
        "contentHash": "POVPlvkT1zdW6dnyOWP9v8+6qCG4HekLsXb+IBSH4fHIdf0Y+EfiuV5XcOhbxUoItzMAGHyGE+epDifgVqlwNQ==",
        "dependencies": {
          "System.IO.Hashing": "10.0.10"
        }
      },
      "DotNext.IO": {
        "type": "Transitive",
        "resolved": "6.6.2",
        "contentHash": "+2mRnBq/LDs4NsS8niGzN0HvgumGmDimJbNCpkx5tTblK7PI6Ah6f/3Cq71KHjxlaZVhHTnVgkS29vziZZ8vPw==",
        "dependencies": {
          "DotNext": "6.6.2"
        }
      },
      "DotNext.Net.Cluster": {
        "type": "Transitive",
        "resolved": "6.6.4",
        "contentHash": "cWE9H2m/5kU5bn7IBuzDHuL/ppnqpDY+zXPwJk+r5BRVJEAvy3YgsicGFhLkrTC2Mac8MUPxx+BUsH4L5m/Vfw==",
        "dependencies": {
          "DotNext.IO": "6.6.2",
          "DotNext.Threading": "6.6.2",
          "DotNext.Unsafe": "6.6.2"
        }
      },
      "DotNext.Threading": {
        "type": "Transitive",
        "resolved": "6.6.2",
        "contentHash": "AU+EFRmBN5F4/kCWCwwm6p/u9Q+dTvEviE1S5RxqiD7jbxep++PToPJ3kuFyx6QRxYirADnlMi471z9Klm0Inw==",
        "dependencies": {
          "DotNext": "6.6.2"
        }
      },
      "DotNext.Unsafe": {
        "type": "Transitive",
        "resolved": "6.6.2",
        "contentHash": "jh47LT9N3ZQ0h2Idw+jStmfPiQM1X/MmrxCzvX50enAZRFmXu4Mp6D04HSe6uvzlMLmHmwv8gVyUyT7yFY/obQ==",
        "dependencies": {
          "DotNext": "6.6.2"
        }
      },
      "Hangfire.Core": {
        "type": "Transitive",
        "resolved": "1.8.24",
        "contentHash": "XhiE55abcXXw4jEe0EClnU1fainkfi7ZVINbcCB+Se6ZatfVAglLsvNc6wtTMq5aZz0tv2DuW+U5lx1R0DcWOg==",
        "dependencies": {
          "Newtonsoft.Json": "11.0.1"
        }
      },
      "Hangfire.NetCore": {
        "type": "Transitive",
        "resolved": "1.8.24",
        "contentHash": "iKRSO7gzMq4KhI+px98OtRubI5FaDHJgHvhLqlILvsuCPVFraTdVWdRgwjIS4bIyahl/3RaiGhFOqlpwgU724Q==",
        "dependencies": {
          "Hangfire.Core": "[1.8.24]"
        }
      },
      "Newtonsoft.Json": {
        "type": "Transitive",
        "resolved": "11.0.1",
        "contentHash": "pNN4l+J6LlpIvHOeNdXlwxv39NPJ2B5klz+Rd2UQZIx30Squ5oND1Yy3wEAUoKn0GPUj6Yxt9lxlYWQqfZcvKg=="
      },
      "System.IO.Hashing": {
        "type": "Transitive",
        "resolved": "10.0.10",
        "contentHash": "eE839zyWZD/UBZYzP2lu9fhHX6RWe63/jz3Jxf+JumzO/db+Vc2s7CMiDwxk9ti2NTUft2tdRx31Rw2OjKbecA=="
      },
      "Hangfire.Community.Raft": {
        "type": "Project",
        "dependencies": {
          "DotNext.Net.Cluster": "[6.6.4, )",
          "Hangfire.Core": "[1.8.*, )"
        }
      }
    }
  }
}