{
  "version": 1,
  "dependencies": {
    "net10.0": {
      "Hangfire.AspNetCore": {
        "type": "Direct",
        "requested": "[1.8.*, )",
        "resolved": "1.8.25",
        "contentHash": "IqklPyZDacfrCM6I9vpoTd9n14AvP5tepgR/IfKTUlPzGihLzey9jpL7PTKguJ3CPAA12qz3WCDUfIJ9IsCLQw==",
        "dependencies": {
          "Hangfire.NetCore": "[1.8.25]"
        }
      },
      "DotNext": {
        "type": "Transitive",
        "resolved": "6.7.1",
        "contentHash": "MZIy6ZoQj+hp7hzPwV4kkONVA49tjFyuB2fHAaTbStgdFnqGB6xCoUB8nE569wb3Vlm54uEW9cDk4giJ+t0cGQ==",
        "dependencies": {
          "System.IO.Hashing": "10.0.11"
        }
      },
      "DotNext.IO": {
        "type": "Transitive",
        "resolved": "6.7.1",
        "contentHash": "lW+jlXi01yf/qam31I5V3FZ1iF+a60VZ1AHZ02+dGEcRlLOWlChffERWgSBraS0ugziu4ZGtauqx53D6P88k1A==",
        "dependencies": {
          "DotNext": "6.7.1"
        }
      },
      "DotNext.Net.Cluster": {
        "type": "Transitive",
        "resolved": "6.7.1",
        "contentHash": "2tLiSTOSksIsRwIez4DkP4I0jDN4Vdv79XCn6RKFJNvql/4nfKZMsscFVyYffu6f8L8ngyKlqCpcy/n1pObpdQ==",
        "dependencies": {
          "DotNext.IO": "6.7.1",
          "DotNext.Threading": "6.7.1",
          "DotNext.Unsafe": "6.7.1"
        }
      },
      "DotNext.Threading": {
        "type": "Transitive",
        "resolved": "6.7.1",
        "contentHash": "/Pf5XKW5WYg82HjARKWrS00z8vcM1+PwFvR0Mo1Wg0N4yXBH5+2XLuSjMpda20pVJGEi7zVS5Vre26mDKSOhbQ==",
        "dependencies": {
          "DotNext": "6.7.1"
        }
      },
      "DotNext.Unsafe": {
        "type": "Transitive",
        "resolved": "6.7.1",
        "contentHash": "WaRh3QUE6e4mSlVytzVYi8o1SwvhHYs/X7RIPODvxv1X1X62OhzpHqk29vxqAZhIW5Nor0sAxcOhXaPjgN63uQ==",
        "dependencies": {
          "DotNext": "6.7.1"
        }
      },
      "Hangfire.Core": {
        "type": "Transitive",
        "resolved": "1.8.25",
        "contentHash": "BxzXlHwXNrGPHJ7YfAVfeiXC+BHd6uPoyyfV+9bCJVPPGs4z0EQCW1X44Og/IUFM81ENCqAFP1r2rOkQhm4ydA==",
        "dependencies": {
          "Newtonsoft.Json": "11.0.1"
        }
      },
      "Hangfire.NetCore": {
        "type": "Transitive",
        "resolved": "1.8.25",
        "contentHash": "ZfI7gwr7n70r635VS9aKsWSzOodY6U0bSIG0jDrqd5ODRLKvc+e5aXXGCnWHWzjvagvlwtUcRGG/lD0/3C7chA==",
        "dependencies": {
          "Hangfire.Core": "[1.8.25]"
        }
      },
      "Newtonsoft.Json": {
        "type": "Transitive",
        "resolved": "11.0.1",
        "contentHash": "pNN4l+J6LlpIvHOeNdXlwxv39NPJ2B5klz+Rd2UQZIx30Squ5oND1Yy3wEAUoKn0GPUj6Yxt9lxlYWQqfZcvKg=="
      },
      "System.IO.Hashing": {
        "type": "Transitive",
        "resolved": "10.0.11",
        "contentHash": "OzKDcIRkeNJeC8qAsbn8yJXnfTLP1dtkWILe+T56Gf/z+IkAASi7sMqLqJQat08j5z/mRN5xVtoAwbkMNMoBUQ=="
      },
      "Hangfire.Community.Raft": {
        "type": "Project",
        "dependencies": {
          "DotNext.Net.Cluster": "[6.7.1, )",
          "Hangfire.Core": "[1.8.*, )"
        }
      }
    }
  }
}