{
  "version": 1,
  "dependencies": {
    "net10.0": {
      "Hangfire.AspNetCore": {
        "type": "Direct",
        "requested": "[1.8.*, )",
        "resolved": "1.8.24",
        "contentHash": "K7eugZIFcBgGI+lI6Z3H9a7Ax6ZkauWjOUJxE5xawu5UQmH+WS7gXBlar1zGUqLTWqWxNAMj+K95OE0zvAtHNg==",
        "dependencies": {
          "Hangfire.NetCore": "[1.8.24]"
        }
      },
      "DotNext": {
        "type": "Transitive",
        "resolved": "6.6.0",
        "contentHash": "O1KuqR/gltydGmCN0lNkLzHtjnoeCPSQIdgYHWZ2AZIZ+jSUc4/GJwrWStTMfiM8RVE3G0ohAGnunzPWtam6yQ==",
        "dependencies": {
          "System.IO.Hashing": "10.0.9"
        }
      },
      "DotNext.IO": {
        "type": "Transitive",
        "resolved": "6.6.0",
        "contentHash": "ZX/TrokailcvW62kY8HZuImgSCKcw/zjbLkCBdKnCQr/Z/hHu36sjAMLao6MDU0brGvqelgIKVfbV5gvC2ldqw==",
        "dependencies": {
          "DotNext": "6.6.0"
        }
      },
      "DotNext.Net.Cluster": {
        "type": "Transitive",
        "resolved": "6.6.0",
        "contentHash": "Y7rxS07KGdnQ/cfsa5SMjU49YGKOxstJZU2NRTbZ2SDjn0H9q/K2QCNaVvw3wxtuKwflWkgZX7qdb4YfN1Drtw==",
        "dependencies": {
          "DotNext.IO": "6.6.0",
          "DotNext.Threading": "6.6.0",
          "DotNext.Unsafe": "6.6.0"
        }
      },
      "DotNext.Threading": {
        "type": "Transitive",
        "resolved": "6.6.0",
        "contentHash": "+WlTA4889d64LDyl46CSBRoMg7Bnvw9XplrwU/0UjMhiv4BQqcTP59r/eCobHKpyXVV0jzMvdGugr377iwq2Fw==",
        "dependencies": {
          "DotNext": "6.6.0"
        }
      },
      "DotNext.Unsafe": {
        "type": "Transitive",
        "resolved": "6.6.0",
        "contentHash": "ZVZo3JBCeJzJtvI8X6rrGIIyHwaMGsn/jo1br//6XUzHJUvOG/zPn2B128WTbQVbuN0AgV6Oa+WkpL1gtkbeUg==",
        "dependencies": {
          "DotNext": "6.6.0"
        }
      },
      "Hangfire.Core": {
        "type": "Transitive",
        "resolved": "1.8.24",
        "contentHash": "XhiE55abcXXw4jEe0EClnU1fainkfi7ZVINbcCB+Se6ZatfVAglLsvNc6wtTMq5aZz0tv2DuW+U5lx1R0DcWOg==",
        "dependencies": {
          "Newtonsoft.Json": "11.0.1"
        }
      },
      "Hangfire.NetCore": {
        "type": "Transitive",
        "resolved": "1.8.24",
        "contentHash": "iKRSO7gzMq4KhI+px98OtRubI5FaDHJgHvhLqlILvsuCPVFraTdVWdRgwjIS4bIyahl/3RaiGhFOqlpwgU724Q==",
        "dependencies": {
          "Hangfire.Core": "[1.8.24]"
        }
      },
      "Newtonsoft.Json": {
        "type": "Transitive",
        "resolved": "11.0.1",
        "contentHash": "pNN4l+J6LlpIvHOeNdXlwxv39NPJ2B5klz+Rd2UQZIx30Squ5oND1Yy3wEAUoKn0GPUj6Yxt9lxlYWQqfZcvKg=="
      },
      "System.IO.Hashing": {
        "type": "Transitive",
        "resolved": "10.0.9",
        "contentHash": "vixglGnKEexAJDeIRhyayZYzxyrgK1K9GU3K/zRZVwDbaDcMkSqj4WDHoVmQMNfsdUtLALfNSJw6mBIpdxie4A=="
      },
      "Hangfire.Community.Raft": {
        "type": "Project",
        "dependencies": {
          "DotNext.Net.Cluster": "[6.6.0, )",
          "Hangfire.Core": "[1.8.*, )"
        }
      }
    }
  }
}