{
  "version": 1,
  "dependencies": {
    "net10.0": {
      "DotNext.Net.Cluster": {
        "type": "Direct",
        "requested": "[6.6.5, )",
        "resolved": "6.6.5",
        "contentHash": "CUQGoORBj0XLzckkxLlkDNMfCA/JmnEJP/Cp4OLc+VwOyiDXtdmjTGre6MzE3KK8JcxNsqx2E5wN3wDBcmIx9w==",
        "dependencies": {
          "DotNext.IO": "6.6.5",
          "DotNext.Threading": "6.6.5",
          "DotNext.Unsafe": "6.6.5",
          "Microsoft.AspNetCore.Connections.Abstractions": "10.0.11",
          "Microsoft.Extensions.Logging.Abstractions": "10.0.11"
        }
      },
      "Hangfire.Core": {
        "type": "Direct",
        "requested": "[1.8.*, )",
        "resolved": "1.8.25",
        "contentHash": "BxzXlHwXNrGPHJ7YfAVfeiXC+BHd6uPoyyfV+9bCJVPPGs4z0EQCW1X44Og/IUFM81ENCqAFP1r2rOkQhm4ydA==",
        "dependencies": {
          "Newtonsoft.Json": "11.0.1"
        }
      },
      "DotNext": {
        "type": "Transitive",
        "resolved": "6.6.5",
        "contentHash": "/0Duk6JmyIQjUd0GWF8rxT6F1H2H5HBK3Qdo1Xi3lbbfX8ouCKRVhLsKFh6HkF3/4oetSnj8UtvUsZViTRgKgQ==",
        "dependencies": {
          "System.IO.Hashing": "10.0.11"
        }
      },
      "DotNext.IO": {
        "type": "Transitive",
        "resolved": "6.6.5",
        "contentHash": "IBlflZt4IIUKCpn4Mr+iOMxGt6ZVrjzBbbFN3jtpQ9gXMQqNCDung3xIvac6FjRoNJf6VjBQI2LxQvyE2sjb7A==",
        "dependencies": {
          "DotNext": "6.6.5"
        }
      },
      "DotNext.Threading": {
        "type": "Transitive",
        "resolved": "6.6.5",
        "contentHash": "pJtRTaJvoB7MSofmTsqYDLDPPhkFZgHd+TGL7mQxweDavE4a3z7lOlYNlBJaUNnZ5Ef3OH5hi2emJor/Bb8BpQ==",
        "dependencies": {
          "DotNext": "6.6.5"
        }
      },
      "DotNext.Unsafe": {
        "type": "Transitive",
        "resolved": "6.6.5",
        "contentHash": "uRXX0wqYjyNiuGqczm8R/JpObiT8mMWHNjUDRCOyqDjMcU6avo7vIhcHdmEz6zWWq4egfbhM3hDMOgDIXyTuwQ==",
        "dependencies": {
          "DotNext": "6.6.5"
        }
      },
      "Microsoft.AspNetCore.Connections.Abstractions": {
        "type": "Transitive",
        "resolved": "10.0.11",
        "contentHash": "DCrayFIb+t+P9EI6NAP8BmAIgi51lrdmdtMAQnZf2v2J51q5ptOMR2rzfhvSMAZZhYReAK4H+ZTprf8Q5rOnzw==",
        "dependencies": {
          "Microsoft.Extensions.Features": "10.0.11"
        }
      },
      "Microsoft.Extensions.DependencyInjection.Abstractions": {
        "type": "Transitive",
        "resolved": "10.0.11",
        "contentHash": "/a1aJz4m7ylhEDf25ugQChLQoN5XwoGjWw/BoR/ZWWKsO1v4DdJElS1uyngahz4B/eOzjFk1KNTkarRLE5wsIg=="
      },
      "Microsoft.Extensions.Features": {
        "type": "Transitive",
        "resolved": "10.0.11",
        "contentHash": "/ro7Ate9LihDcZP6ukTwUjFj3dBzz7tijNcGg4aYBa3RkjqC/cOPqxZtMrOS3RU3nhRLHX8WTKq9EKL/4V4r5A=="
      },
      "Microsoft.Extensions.Logging.Abstractions": {
        "type": "Transitive",
        "resolved": "10.0.11",
        "contentHash": "Ljd0Uxoq5XpScD2Bg0nM/r3mwx7Ao5Uq24eo2ARxbGvqJ7Zht6rt2cJtwVRH4Cv+1ZVMdXz6TB43KbpmsxRrvQ==",
        "dependencies": {
          "Microsoft.Extensions.DependencyInjection.Abstractions": "10.0.11"
        }
      },
      "Newtonsoft.Json": {
        "type": "Transitive",
        "resolved": "11.0.1",
        "contentHash": "pNN4l+J6LlpIvHOeNdXlwxv39NPJ2B5klz+Rd2UQZIx30Squ5oND1Yy3wEAUoKn0GPUj6Yxt9lxlYWQqfZcvKg=="
      },
      "System.IO.Hashing": {
        "type": "Transitive",
        "resolved": "10.0.11",
        "contentHash": "OzKDcIRkeNJeC8qAsbn8yJXnfTLP1dtkWILe+T56Gf/z+IkAASi7sMqLqJQat08j5z/mRN5xVtoAwbkMNMoBUQ=="
      }
    }
  }
}