{
  "version": 1,
  "dependencies": {
    "net10.0": {
      "DotNext.Net.Cluster": {
        "type": "Direct",
        "requested": "[6.4.1, )",
        "resolved": "6.4.1",
        "contentHash": "QJWPgleJTYu5O6MY2T0ZHSHitZ+W4ZDJEFTECA6LUg6PCel6Zt5yAUVF5ynRI2YNBAXJHXIfQBaI0cvyLzW3/w==",
        "dependencies": {
          "DotNext.IO": "6.4.1",
          "DotNext.Threading": "6.4.1",
          "DotNext.Unsafe": "6.4.1",
          "Microsoft.AspNetCore.Connections.Abstractions": "10.0.9",
          "Microsoft.Extensions.Logging.Abstractions": "10.0.9"
        }
      },
      "Hangfire.Core": {
        "type": "Direct",
        "requested": "[1.8.*, )",
        "resolved": "1.8.23",
        "contentHash": "YCOTtF3NNOQI83PlfjeNDDBkofJDfdET2CwhfQsiVBwmsU6lP19QW9NVTIH9epl+MnOsyFC2G1RnlPSGV8F1FQ==",
        "dependencies": {
          "Newtonsoft.Json": "11.0.1"
        }
      },
      "DotNext": {
        "type": "Transitive",
        "resolved": "6.4.1",
        "contentHash": "BUrHipLjrkZ85BwjV9HnXzLeUkWym9mODSgWGxPslu3okTwb/6fMCmPtMXFH7lh6JVSQQxoIZjdORO2jqH2KQw==",
        "dependencies": {
          "System.IO.Hashing": "10.0.9"
        }
      },
      "DotNext.IO": {
        "type": "Transitive",
        "resolved": "6.4.1",
        "contentHash": "h1HZdhEVxMZJyIbSD8P9O+DYAJ7bYANtpzCoUGG5LsEFRtmQaty2dbgBbMwugk0zp0FLocRwxic3/8S/LTQ1mw==",
        "dependencies": {
          "DotNext": "6.4.1"
        }
      },
      "DotNext.Threading": {
        "type": "Transitive",
        "resolved": "6.4.1",
        "contentHash": "5xIpf3X2d1JRewijhIh3XC28FvVfizaxTa3t/pfxZDwdRNhs1NUgxwtOrZ2XevP1ilfdfowr7kbfbTnBV5Qk5A==",
        "dependencies": {
          "DotNext": "6.4.1"
        }
      },
      "DotNext.Unsafe": {
        "type": "Transitive",
        "resolved": "6.4.1",
        "contentHash": "MPzOIhZzQ4LVIj89FmU8dsESQojlfcEjmWEaKgB8AzSVDxmO2PF+Yh3yl5OAISGEbzGvMOJePOo7pYV9mSNZjw==",
        "dependencies": {
          "DotNext": "6.4.1"
        }
      },
      "Microsoft.AspNetCore.Connections.Abstractions": {
        "type": "Transitive",
        "resolved": "10.0.9",
        "contentHash": "ZaFRlgyrt90BwK33FARZfe1AgixWralQv0xgk2FZLia6tkXsh18KRCsCkpIJN/d3FF9yZ8WlCjpWKSihSvnNJA==",
        "dependencies": {
          "Microsoft.Extensions.Features": "10.0.9"
        }
      },
      "Microsoft.Extensions.DependencyInjection.Abstractions": {
        "type": "Transitive",
        "resolved": "10.0.9",
        "contentHash": "g41l/30G3K4B/d/L8kjux0+30e27c8D0FVQ/PFCpbekgfDpj9mnDhieP67EqXWvl1EWNeZh2rpR4F5B/jcDOHA=="
      },
      "Microsoft.Extensions.Features": {
        "type": "Transitive",
        "resolved": "10.0.9",
        "contentHash": "ohU5761fyZq7eSg0nLQMzHvCrGGGmyzgRzAGebHZlQ4D7/9v9uzPYJ/AUYcD5kNSiOWR34Ma4qGgKs0PUPrYZw=="
      },
      "Microsoft.Extensions.Logging.Abstractions": {
        "type": "Transitive",
        "resolved": "10.0.9",
        "contentHash": "9S/DFt4cohlMPpzIxjG6kk0L8MuN2vDm9pbMCulxtJzzk82oJHVLBd8vuQxaPskaYQwKqmFmbannf5eoChgjYg==",
        "dependencies": {
          "Microsoft.Extensions.DependencyInjection.Abstractions": "10.0.9"
        }
      },
      "Newtonsoft.Json": {
        "type": "Transitive",
        "resolved": "11.0.1",
        "contentHash": "pNN4l+J6LlpIvHOeNdXlwxv39NPJ2B5klz+Rd2UQZIx30Squ5oND1Yy3wEAUoKn0GPUj6Yxt9lxlYWQqfZcvKg=="
      },
      "System.IO.Hashing": {
        "type": "Transitive",
        "resolved": "10.0.9",
        "contentHash": "vixglGnKEexAJDeIRhyayZYzxyrgK1K9GU3K/zRZVwDbaDcMkSqj4WDHoVmQMNfsdUtLALfNSJw6mBIpdxie4A=="
      }
    }
  }
}