{
  "version": 1,
  "dependencies": {
    "net10.0": {
      "DotNext.Net.Cluster": {
        "type": "Direct",
        "requested": "[6.3.0, )",
        "resolved": "6.3.0",
        "contentHash": "Wu4iO9LJSRcuMb4iAEhhkmgBASZ3jU01alcSS0CyMYIUmnZAHfayVctudC9qrbeQG+mrv98Pro9/LknmF5//oA==",
        "dependencies": {
          "DotNext.IO": "6.3.0",
          "DotNext.Threading": "6.3.0",
          "DotNext.Unsafe": "6.3.0",
          "Microsoft.AspNetCore.Connections.Abstractions": "10.0.7",
          "Microsoft.Extensions.Logging.Abstractions": "10.0.7"
        }
      },
      "Hangfire.Core": {
        "type": "Direct",
        "requested": "[1.8.*, )",
        "resolved": "1.8.23",
        "contentHash": "YCOTtF3NNOQI83PlfjeNDDBkofJDfdET2CwhfQsiVBwmsU6lP19QW9NVTIH9epl+MnOsyFC2G1RnlPSGV8F1FQ==",
        "dependencies": {
          "Newtonsoft.Json": "11.0.1"
        }
      },
      "DotNext": {
        "type": "Transitive",
        "resolved": "6.3.0",
        "contentHash": "XQAAa+ToYna6yaj/ybmwRQC0D1AbDHiXIUxKLATc7crg+WBZDX8Hp7H/kINm5xcWv6fbDKINoydkuLS1laHVGw==",
        "dependencies": {
          "System.IO.Hashing": "10.0.7"
        }
      },
      "DotNext.IO": {
        "type": "Transitive",
        "resolved": "6.3.0",
        "contentHash": "1NFl9W0yUpjm7BV0Khj4ocwEfmec3q0eMz7AQeqzEp9LbBuhyIyut/qH0xAGHf3ipDf7m23IcKeBMj7cGUfRSg==",
        "dependencies": {
          "DotNext": "6.3.0"
        }
      },
      "DotNext.Threading": {
        "type": "Transitive",
        "resolved": "6.3.0",
        "contentHash": "NAmWrLzGfH2iuUGkHN28qRI4h4jjgDM6iE0WynkFCMW/TrwPuB6yGbJdmJ0I6hAqh8Ps1nt2LaopK3aR0/KP+A==",
        "dependencies": {
          "DotNext": "6.3.0"
        }
      },
      "DotNext.Unsafe": {
        "type": "Transitive",
        "resolved": "6.3.0",
        "contentHash": "82gLMPlS0aarwpfSfgV0zYvi/WP/Vi4JvEIel25By3u30KwCAGamxDGfUNxkpfUv0oVdQCl0GAogHYzW9KPZmA==",
        "dependencies": {
          "DotNext": "6.3.0"
        }
      },
      "Microsoft.AspNetCore.Connections.Abstractions": {
        "type": "Transitive",
        "resolved": "10.0.7",
        "contentHash": "O8OsajBAeZthyKWw3zrS0G49weEI6/w0VQLxxWk0zuzhYbphODrcyjp6sds3HONheStEZj8/bCKPaT5rpIYT0Q==",
        "dependencies": {
          "Microsoft.Extensions.Features": "10.0.7"
        }
      },
      "Microsoft.Extensions.DependencyInjection.Abstractions": {
        "type": "Transitive",
        "resolved": "10.0.7",
        "contentHash": "Z6mfFEaFcwCfSboxJwOLfu7/31npCY9q70WUamHW/vRQhDvBKOT4Vf9YkZj5J6hLvJpb0oDEYfHunQZj0xxvKw=="
      },
      "Microsoft.Extensions.Features": {
        "type": "Transitive",
        "resolved": "10.0.7",
        "contentHash": "SdPQY5HKYuhymSbwerc3joc4fyLkDwHdtVnYu9NGoXbo4ZoXsc4yFzI4qpuw7pyUcCugU6jKA3jldMyDHcUTNg=="
      },
      "Microsoft.Extensions.Logging.Abstractions": {
        "type": "Transitive",
        "resolved": "10.0.7",
        "contentHash": "tIEcQ2gvERrH2KiCjdsVcHGhXt9lIsuDStfOIeZWr7/fP8IXhGiYfx0/80PNI7WPO2IYuFtlZLSlnTS8+/Mchw==",
        "dependencies": {
          "Microsoft.Extensions.DependencyInjection.Abstractions": "10.0.7"
        }
      },
      "Newtonsoft.Json": {
        "type": "Transitive",
        "resolved": "11.0.1",
        "contentHash": "pNN4l+J6LlpIvHOeNdXlwxv39NPJ2B5klz+Rd2UQZIx30Squ5oND1Yy3wEAUoKn0GPUj6Yxt9lxlYWQqfZcvKg=="
      },
      "System.IO.Hashing": {
        "type": "Transitive",
        "resolved": "10.0.7",
        "contentHash": "6hsjdSr4VOXSOnhALkYplHpAxnTG1J33YN42IB6nH2fEg4QnJqrZ4Ft+qn7mkrKAOYC8pCSFYwVWw6rQbmwgLQ=="
      }
    }
  }
}